
Microsoft Visual Studio Solution File, Format Version 12.00
# Visual Studio Version 18
VisualStudioVersion = 18.3.11222.16
MinimumVisualStudioVersion = 10.0.40219.1
Project("{2150E333-8FDC-42A3-9474-1A3956D46DE8}") = "Solution Items", "Solution Items", "{E66C4584-7FDA-49A1-B9B2-B984E3E25A72}"
	ProjectSection(SolutionItems) = preProject
		.editorconfig = .editorconfig
		Directory.Build.props = Directory.Build.props
		..\..\.github\workflows\dotnet.yml = ..\..\.github\workflows\dotnet.yml
		..\..\README.md = ..\..\README.md
	EndProjectSection
EndProject
Project("{9A19103F-16F7-4668-BE54-9A1E7A4F7556}") = "EazyHttp", "EazyHttp\EazyHttp.csproj", "{B1814C60-09B2-4A9E-88C4-B75FC70394BE}"
EndProject
Project("{9A19103F-16F7-4668-BE54-9A1E7A4F7556}") = "EazyHttp.Generator", "EazyHttp.Generator\EazyHttp.Generator.csproj", "{CED8B9FD-B430-42AB-B67C-549F5B25D3AB}"
EndProject
Project("{FAE04EC0-301F-11D3-BF4B-00C04F79EFBC}") = "EazyHttp.Abstractions", "EazyHttp.Abstractions\EazyHttp.Abstractions.csproj", "{EC337B10-0212-4F04-BF48-D42AFA37F866}"
EndProject
Project("{FAE04EC0-301F-11D3-BF4B-00C04F79EFBC}") = "EazyHttp.Generator.Tests", "EazyHttp.Generator.Tests\EazyHttp.Generator.Tests.csproj", "{64B993B7-74AF-4A6D-8A38-41861D679D56}"
EndProject
Global
	GlobalSection(SolutionConfigurationPlatforms) = preSolution
		Debug|Any CPU = Debug|Any CPU
		Release|Any CPU = Release|Any CPU
	EndGlobalSection
	GlobalSection(ProjectConfigurationPlatforms) = postSolution
		{B1814C60-09B2-4A9E-88C4-B75FC70394BE}.Debug|Any CPU.ActiveCfg = Debug|Any CPU
		{B1814C60-09B2-4A9E-88C4-B75FC70394BE}.Debug|Any CPU.Build.0 = Debug|Any CPU
		{B1814C60-09B2-4A9E-88C4-B75FC70394BE}.Release|Any CPU.ActiveCfg = Release|Any CPU
		{B1814C60-09B2-4A9E-88C4-B75FC70394BE}.Release|Any CPU.Build.0 = Release|Any CPU
		{CED8B9FD-B430-42AB-B67C-549F5B25D3AB}.Debug|Any CPU.ActiveCfg = Debug|Any CPU
		{CED8B9FD-B430-42AB-B67C-549F5B25D3AB}.Debug|Any CPU.Build.0 = Debug|Any CPU
		{CED8B9FD-B430-42AB-B67C-549F5B25D3AB}.Release|Any CPU.ActiveCfg = Release|Any CPU
		{CED8B9FD-B430-42AB-B67C-549F5B25D3AB}.Release|Any CPU.Build.0 = Release|Any CPU
		{EC337B10-0212-4F04-BF48-D42AFA37F866}.Debug|Any CPU.ActiveCfg = Debug|Any CPU
		{EC337B10-0212-4F04-BF48-D42AFA37F866}.Debug|Any CPU.Build.0 = Debug|Any CPU
		{EC337B10-0212-4F04-BF48-D42AFA37F866}.Release|Any CPU.ActiveCfg = Release|Any CPU
		{EC337B10-0212-4F04-BF48-D42AFA37F866}.Release|Any CPU.Build.0 = Release|Any CPU
		{64B993B7-74AF-4A6D-8A38-41861D679D56}.Debug|Any CPU.ActiveCfg = Debug|Any CPU
		{64B993B7-74AF-4A6D-8A38-41861D679D56}.Debug|Any CPU.Build.0 = Debug|Any CPU
		{64B993B7-74AF-4A6D-8A38-41861D679D56}.Release|Any CPU.ActiveCfg = Release|Any CPU
		{64B993B7-74AF-4A6D-8A38-41861D679D56}.Release|Any CPU.Build.0 = Release|Any CPU
	EndGlobalSection
	GlobalSection(SolutionProperties) = preSolution
		HideSolutionNode = FALSE
	EndGlobalSection
	GlobalSection(ExtensibilityGlobals) = postSolution
		SolutionGuid = {E9A66B46-2118-49BC-B38B-AB0FBB3EF18A}
	EndGlobalSection
EndGlobal
